
Microsoft Visual Studio Solution File, Format Version 12.00
# Visual Studio Version 16
VisualStudioVersion = 16.0.29409.12
MinimumVisualStudioVersion = 10.0.40219.1
Project("{FAE04EC0-301F-11D3-BF4B-00C04F79EFBC}") = "WordAnalysisTask", "WordAnalysisTask.csproj", "{DF669086-CD8F-45F2-861C-919EEA101C86}"
EndProject
Global
	GlobalSection(SolutionConfigurationPlatforms) = preSolution
		Debug|Any CPU = Debug|Any CPU
		Release|Any CPU = Release|Any CPU
	EndGlobalSection
	GlobalSection(ProjectConfigurationPlatforms) = postSolution
		{DF669086-CD8F-45F2-861C-919EEA101C86}.Debug|Any CPU.ActiveCfg = Debug|Any CPU
		{DF669086-CD8F-45F2-861C-919EEA101C86}.Debug|Any CPU.Build.0 = Debug|Any CPU
		{DF669086-CD8F-45F2-861C-919EEA101C86}.Release|Any CPU.ActiveCfg = Release|Any CPU
		{DF669086-CD8F-45F2-861C-919EEA101C86}.Release|Any CPU.Build.0 = Release|Any CPU
	EndGlobalSection
	GlobalSection(SolutionProperties) = preSolution
		HideSolutionNode = FALSE
	EndGlobalSection
	GlobalSection(ExtensibilityGlobals) = postSolution
		SolutionGuid = {A2C179DC-B506-40B7-8E8D-F6DEFEC1DCFD}
	EndGlobalSection
EndGlobal
